
Microsoft Visual Studio Solution File, Format Version 12.00
# Visual Studio Version 16
VisualStudioVersion = 16.6.30114.105
MinimumVisualStudioVersion = 10.0.40219.1
Project("{FAE04EC0-301F-11D3-BF4B-00C04F79EFBC}") = "LogAllPairsOfArray", "LogAllPairsOfArray\LogAllPairsOfArray.csproj", "{4F678117-7E4F-45E0-96F5-DDE8277A956A}"
EndProject
Project("{FAE04EC0-301F-11D3-BF4B-00C04F79EFBC}") = "MaximumSumSubArray", "MaximumSumSubArray\MaximumSumSubArray.csproj", "{D94F7BD6-3339-40DD-A908-30FEE84EBBE7}"
EndProject
Project("{FAE04EC0-301F-11D3-BF4B-00C04F79EFBC}") = "MergeSort", "MergeSort\MergeSort.csproj", "{8F9A0A54-72B1-47EA-999A-AE9C0B7B3AA5}"
EndProject
Project("{FAE04EC0-301F-11D3-BF4B-00C04F79EFBC}") = "SalesByMatch", "SalesByMatch\SalesByMatch.csproj", "{CB141CDA-0180-4F60-A5F4-DBFA3EB3DF2B}"
EndProject
Project("{FAE04EC0-301F-11D3-BF4B-00C04F79EFBC}") = "BinarySearch", "BinarySearch\BinarySearch.csproj", "{0A59D72D-7F24-4085-9B55-2D34241D26C5}"
EndProject
Project("{FAE04EC0-301F-11D3-BF4B-00C04F79EFBC}") = "ReverseString", "ReverseString\ReverseString.csproj", "{86AC8AE9-4F21-4D5E-8FBF-7B976EF222EB}"
EndProject
Project("{FAE04EC0-301F-11D3-BF4B-00C04F79EFBC}") = "RansomNote", "RansomNote\RansomNote.csproj", "{29B570F1-3F57-40A4-BE23-9E38382DBB5E}"
EndProject
Project("{FAE04EC0-301F-11D3-BF4B-00C04F79EFBC}") = "PartitionLabel", "PartitionLabel\PartitionLabel.csproj", "{D806EF12-1B57-4A19-862E-8E72C8311B05}"
EndProject
Project("{FAE04EC0-301F-11D3-BF4B-00C04F79EFBC}") = "MergeSortedTwoArray", "MergeSortedTwoArray\MergeSortedTwoArray.csproj", "{C24444F8-6538-43D2-8D9E-066A55EECB4F}"
EndProject
Project("{FAE04EC0-301F-11D3-BF4B-00C04F79EFBC}") = "ReverseSingleLinkedList", "ReverseSingleLinkedList\ReverseSingleLinkedList.csproj", "{844C269D-8A80-41EB-9CE1-D0CBE6B690FF}"
EndProject
Project("{FAE04EC0-301F-11D3-BF4B-00C04F79EFBC}") = "DistributeCandies", "DistributeCandies\DistributeCandies.csproj", "{89FAA935-293B-438B-8454-1E932F164954}"
EndProject
Project("{FAE04EC0-301F-11D3-BF4B-00C04F79EFBC}") = "MakeArraysAllElementsEqual", "MakeArraysAllElementsEqual\MakeArraysAllElementsEqual.csproj", "{FE9AF20E-2DDC-486B-BC82-56478821424A}"
EndProject
Project("{FAE04EC0-301F-11D3-BF4B-00C04F79EFBC}") = "NumberOfIslands", "NumberOfIslands\NumberOfIslands.csproj", "{9EB84808-0781-4A2A-8C7B-A3EE864AA326}"
EndProject
Project("{FAE04EC0-301F-11D3-BF4B-00C04F79EFBC}") = "FizzBuzz", "FizzBuzz\FizzBuzz.csproj", "{1C1A9681-F5FB-496F-B165-3880453CF92B}"
EndProject
Project("{FAE04EC0-301F-11D3-BF4B-00C04F79EFBC}") = "RobotBoundedInCircle", "RobotBoundedInCircle\RobotBoundedInCircle.csproj", "{2C291756-B0A5-407B-BE6B-8581951889AD}"
EndProject
Project("{FAE04EC0-301F-11D3-BF4B-00C04F79EFBC}") = "Sample", "Sample\Sample.csproj", "{ECA2D468-0382-4854-A3D9-C7513F515F54}"
EndProject
Project("{FAE04EC0-301F-11D3-BF4B-00C04F79EFBC}") = "ItemsInContainer", "ItemsInContainer\ItemsInContainer.csproj", "{E0D4684E-8DDA-45CA-93C1-E54A6276B880}"
EndProject
Project("{FAE04EC0-301F-11D3-BF4B-00C04F79EFBC}") = "DFS", "DFS\DFS.csproj", "{711B54B5-8CA9-4938-A274-7513E6E40FD5}"
EndProject
Project("{FAE04EC0-301F-11D3-BF4B-00C04F79EFBC}") = "LongestSubstringWithoutRepeatingCharacters", "LongestSubstringWithoutRepeatingCharacters\LongestSubstringWithoutRepeatingCharacters.csproj", "{F0BA587B-142F-41E2-B27C-6F49EB67B6A0}"
EndProject
Project("{FAE04EC0-301F-11D3-BF4B-00C04F79EFBC}") = "BFS", "BFS\BFS.csproj", "{FCD9F774-BF63-4443-9FDC-62E7C9A1DEA6}"
EndProject
Project("{FAE04EC0-301F-11D3-BF4B-00C04F79EFBC}") = "ValidParentheses", "ValidParentheses\ValidParentheses.csproj", "{7480249B-5224-42C5-814C-77BE0855081E}"
EndProject
Project("{FAE04EC0-301F-11D3-BF4B-00C04F79EFBC}") = "NumberOfConnectedComponentInUndirectedGraph", "NumberOfConnectedComponentInUndirectedGraph\NumberOfConnectedComponentInUndirectedGraph.csproj", "{54A1B3C6-2044-4397-A58C-887DD7311B16}"
EndProject
Project("{FAE04EC0-301F-11D3-BF4B-00C04F79EFBC}") = "CourseSchedule", "CourseSchedule\CourseSchedule.csproj", "{AC33F96E-4FFB-41BF-A500-386D30309915}"
EndProject
Project("{FAE04EC0-301F-11D3-BF4B-00C04F79EFBC}") = "LevelOrderTraverselInSpiralForm", "LevelOrderTraverselInSpiralForm\LevelOrderTraverselInSpiralForm.csproj", "{CD46939E-25C8-43B7-BA1F-7B77AE75E9D0}"
EndProject
Global
	GlobalSection(SolutionConfigurationPlatforms) = preSolution
		Debug|Any CPU = Debug|Any CPU
		Debug|x64 = Debug|x64
		Debug|x86 = Debug|x86
		Release|Any CPU = Release|Any CPU
		Release|x64 = Release|x64
		Release|x86 = Release|x86
	EndGlobalSection
	GlobalSection(SolutionProperties) = preSolution
		HideSolutionNode = FALSE
	EndGlobalSection
	GlobalSection(ProjectConfigurationPlatforms) = postSolution
		{4F678117-7E4F-45E0-96F5-DDE8277A956A}.Debug|Any CPU.ActiveCfg = Debug|Any CPU
		{4F678117-7E4F-45E0-96F5-DDE8277A956A}.Debug|Any CPU.Build.0 = Debug|Any CPU
		{4F678117-7E4F-45E0-96F5-DDE8277A956A}.Debug|x64.ActiveCfg = Debug|Any CPU
		{4F678117-7E4F-45E0-96F5-DDE8277A956A}.Debug|x64.Build.0 = Debug|Any CPU
		{4F678117-7E4F-45E0-96F5-DDE8277A956A}.Debug|x86.ActiveCfg = Debug|Any CPU
		{4F678117-7E4F-45E0-96F5-DDE8277A956A}.Debug|x86.Build.0 = Debug|Any CPU
		{4F678117-7E4F-45E0-96F5-DDE8277A956A}.Release|Any CPU.ActiveCfg = Release|Any CPU
		{4F678117-7E4F-45E0-96F5-DDE8277A956A}.Release|Any CPU.Build.0 = Release|Any CPU
		{4F678117-7E4F-45E0-96F5-DDE8277A956A}.Release|x64.ActiveCfg = Release|Any CPU
		{4F678117-7E4F-45E0-96F5-DDE8277A956A}.Release|x64.Build.0 = Release|Any CPU
		{4F678117-7E4F-45E0-96F5-DDE8277A956A}.Release|x86.ActiveCfg = Release|Any CPU
		{4F678117-7E4F-45E0-96F5-DDE8277A956A}.Release|x86.Build.0 = Release|Any CPU
		{D94F7BD6-3339-40DD-A908-30FEE84EBBE7}.Debug|Any CPU.ActiveCfg = Debug|Any CPU
		{D94F7BD6-3339-40DD-A908-30FEE84EBBE7}.Debug|Any CPU.Build.0 = Debug|Any CPU
		{D94F7BD6-3339-40DD-A908-30FEE84EBBE7}.Debug|x64.ActiveCfg = Debug|Any CPU
		{D94F7BD6-3339-40DD-A908-30FEE84EBBE7}.Debug|x64.Build.0 = Debug|Any CPU
		{D94F7BD6-3339-40DD-A908-30FEE84EBBE7}.Debug|x86.ActiveCfg = Debug|Any CPU
		{D94F7BD6-3339-40DD-A908-30FEE84EBBE7}.Debug|x86.Build.0 = Debug|Any CPU
		{D94F7BD6-3339-40DD-A908-30FEE84EBBE7}.Release|Any CPU.ActiveCfg = Release|Any CPU
		{D94F7BD6-3339-40DD-A908-30FEE84EBBE7}.Release|Any CPU.Build.0 = Release|Any CPU
		{D94F7BD6-3339-40DD-A908-30FEE84EBBE7}.Release|x64.ActiveCfg = Release|Any CPU
		{D94F7BD6-3339-40DD-A908-30FEE84EBBE7}.Release|x64.Build.0 = Release|Any CPU
		{D94F7BD6-3339-40DD-A908-30FEE84EBBE7}.Release|x86.ActiveCfg = Release|Any CPU
		{D94F7BD6-3339-40DD-A908-30FEE84EBBE7}.Release|x86.Build.0 = Release|Any CPU
		{8F9A0A54-72B1-47EA-999A-AE9C0B7B3AA5}.Debug|Any CPU.ActiveCfg = Debug|Any CPU
		{8F9A0A54-72B1-47EA-999A-AE9C0B7B3AA5}.Debug|Any CPU.Build.0 = Debug|Any CPU
		{8F9A0A54-72B1-47EA-999A-AE9C0B7B3AA5}.Debug|x64.ActiveCfg = Debug|Any CPU
		{8F9A0A54-72B1-47EA-999A-AE9C0B7B3AA5}.Debug|x64.Build.0 = Debug|Any CPU
		{8F9A0A54-72B1-47EA-999A-AE9C0B7B3AA5}.Debug|x86.ActiveCfg = Debug|Any CPU
		{8F9A0A54-72B1-47EA-999A-AE9C0B7B3AA5}.Debug|x86.Build.0 = Debug|Any CPU
		{8F9A0A54-72B1-47EA-999A-AE9C0B7B3AA5}.Release|Any CPU.ActiveCfg = Release|Any CPU
		{8F9A0A54-72B1-47EA-999A-AE9C0B7B3AA5}.Release|Any CPU.Build.0 = Release|Any CPU
		{8F9A0A54-72B1-47EA-999A-AE9C0B7B3AA5}.Release|x64.ActiveCfg = Release|Any CPU
		{8F9A0A54-72B1-47EA-999A-AE9C0B7B3AA5}.Release|x64.Build.0 = Release|Any CPU
		{8F9A0A54-72B1-47EA-999A-AE9C0B7B3AA5}.Release|x86.ActiveCfg = Release|Any CPU
		{8F9A0A54-72B1-47EA-999A-AE9C0B7B3AA5}.Release|x86.Build.0 = Release|Any CPU
		{CB141CDA-0180-4F60-A5F4-DBFA3EB3DF2B}.Debug|Any CPU.ActiveCfg = Debug|Any CPU
		{CB141CDA-0180-4F60-A5F4-DBFA3EB3DF2B}.Debug|Any CPU.Build.0 = Debug|Any CPU
		{CB141CDA-0180-4F60-A5F4-DBFA3EB3DF2B}.Debug|x64.ActiveCfg = Debug|Any CPU
		{CB141CDA-0180-4F60-A5F4-DBFA3EB3DF2B}.Debug|x64.Build.0 = Debug|Any CPU
		{CB141CDA-0180-4F60-A5F4-DBFA3EB3DF2B}.Debug|x86.ActiveCfg = Debug|Any CPU
		{CB141CDA-0180-4F60-A5F4-DBFA3EB3DF2B}.Debug|x86.Build.0 = Debug|Any CPU
		{CB141CDA-0180-4F60-A5F4-DBFA3EB3DF2B}.Release|Any CPU.ActiveCfg = Release|Any CPU
		{CB141CDA-0180-4F60-A5F4-DBFA3EB3DF2B}.Release|Any CPU.Build.0 = Release|Any CPU
		{CB141CDA-0180-4F60-A5F4-DBFA3EB3DF2B}.Release|x64.ActiveCfg = Release|Any CPU
		{CB141CDA-0180-4F60-A5F4-DBFA3EB3DF2B}.Release|x64.Build.0 = Release|Any CPU
		{CB141CDA-0180-4F60-A5F4-DBFA3EB3DF2B}.Release|x86.ActiveCfg = Release|Any CPU
		{CB141CDA-0180-4F60-A5F4-DBFA3EB3DF2B}.Release|x86.Build.0 = Release|Any CPU
		{0A59D72D-7F24-4085-9B55-2D34241D26C5}.Debug|Any CPU.ActiveCfg = Debug|Any CPU
		{0A59D72D-7F24-4085-9B55-2D34241D26C5}.Debug|Any CPU.Build.0 = Debug|Any CPU
		{0A59D72D-7F24-4085-9B55-2D34241D26C5}.Debug|x64.ActiveCfg = Debug|Any CPU
		{0A59D72D-7F24-4085-9B55-2D34241D26C5}.Debug|x64.Build.0 = Debug|Any CPU
		{0A59D72D-7F24-4085-9B55-2D34241D26C5}.Debug|x86.ActiveCfg = Debug|Any CPU
		{0A59D72D-7F24-4085-9B55-2D34241D26C5}.Debug|x86.Build.0 = Debug|Any CPU
		{0A59D72D-7F24-4085-9B55-2D34241D26C5}.Release|Any CPU.ActiveCfg = Release|Any CPU
		{0A59D72D-7F24-4085-9B55-2D34241D26C5}.Release|Any CPU.Build.0 = Release|Any CPU
		{0A59D72D-7F24-4085-9B55-2D34241D26C5}.Release|x64.ActiveCfg = Release|Any CPU
		{0A59D72D-7F24-4085-9B55-2D34241D26C5}.Release|x64.Build.0 = Release|Any CPU
		{0A59D72D-7F24-4085-9B55-2D34241D26C5}.Release|x86.ActiveCfg = Release|Any CPU
		{0A59D72D-7F24-4085-9B55-2D34241D26C5}.Release|x86.Build.0 = Release|Any CPU
		{86AC8AE9-4F21-4D5E-8FBF-7B976EF222EB}.Debug|Any CPU.ActiveCfg = Debug|Any CPU
		{86AC8AE9-4F21-4D5E-8FBF-7B976EF222EB}.Debug|Any CPU.Build.0 = Debug|Any CPU
		{86AC8AE9-4F21-4D5E-8FBF-7B976EF222EB}.Debug|x64.ActiveCfg = Debug|Any CPU
		{86AC8AE9-4F21-4D5E-8FBF-7B976EF222EB}.Debug|x64.Build.0 = Debug|Any CPU
		{86AC8AE9-4F21-4D5E-8FBF-7B976EF222EB}.Debug|x86.ActiveCfg = Debug|Any CPU
		{86AC8AE9-4F21-4D5E-8FBF-7B976EF222EB}.Debug|x86.Build.0 = Debug|Any CPU
		{86AC8AE9-4F21-4D5E-8FBF-7B976EF222EB}.Release|Any CPU.ActiveCfg = Release|Any CPU
		{86AC8AE9-4F21-4D5E-8FBF-7B976EF222EB}.Release|Any CPU.Build.0 = Release|Any CPU
		{86AC8AE9-4F21-4D5E-8FBF-7B976EF222EB}.Release|x64.ActiveCfg = Release|Any CPU
		{86AC8AE9-4F21-4D5E-8FBF-7B976EF222EB}.Release|x64.Build.0 = Release|Any CPU
		{86AC8AE9-4F21-4D5E-8FBF-7B976EF222EB}.Release|x86.ActiveCfg = Release|Any CPU
		{86AC8AE9-4F21-4D5E-8FBF-7B976EF222EB}.Release|x86.Build.0 = Release|Any CPU
		{29B570F1-3F57-40A4-BE23-9E38382DBB5E}.Debug|Any CPU.ActiveCfg = Debug|Any CPU
		{29B570F1-3F57-40A4-BE23-9E38382DBB5E}.Debug|Any CPU.Build.0 = Debug|Any CPU
		{29B570F1-3F57-40A4-BE23-9E38382DBB5E}.Debug|x64.ActiveCfg = Debug|Any CPU
		{29B570F1-3F57-40A4-BE23-9E38382DBB5E}.Debug|x64.Build.0 = Debug|Any CPU
		{29B570F1-3F57-40A4-BE23-9E38382DBB5E}.Debug|x86.ActiveCfg = Debug|Any CPU
		{29B570F1-3F57-40A4-BE23-9E38382DBB5E}.Debug|x86.Build.0 = Debug|Any CPU
		{29B570F1-3F57-40A4-BE23-9E38382DBB5E}.Release|Any CPU.ActiveCfg = Release|Any CPU
		{29B570F1-3F57-40A4-BE23-9E38382DBB5E}.Release|Any CPU.Build.0 = Release|Any CPU
		{29B570F1-3F57-40A4-BE23-9E38382DBB5E}.Release|x64.ActiveCfg = Release|Any CPU
		{29B570F1-3F57-40A4-BE23-9E38382DBB5E}.Release|x64.Build.0 = Release|Any CPU
		{29B570F1-3F57-40A4-BE23-9E38382DBB5E}.Release|x86.ActiveCfg = Release|Any CPU
		{29B570F1-3F57-40A4-BE23-9E38382DBB5E}.Release|x86.Build.0 = Release|Any CPU
		{D806EF12-1B57-4A19-862E-8E72C8311B05}.Debug|Any CPU.ActiveCfg = Debug|Any CPU
		{D806EF12-1B57-4A19-862E-8E72C8311B05}.Debug|Any CPU.Build.0 = Debug|Any CPU
		{D806EF12-1B57-4A19-862E-8E72C8311B05}.Debug|x64.ActiveCfg = Debug|Any CPU
		{D806EF12-1B57-4A19-862E-8E72C8311B05}.Debug|x64.Build.0 = Debug|Any CPU
		{D806EF12-1B57-4A19-862E-8E72C8311B05}.Debug|x86.ActiveCfg = Debug|Any CPU
		{D806EF12-1B57-4A19-862E-8E72C8311B05}.Debug|x86.Build.0 = Debug|Any CPU
		{D806EF12-1B57-4A19-862E-8E72C8311B05}.Release|Any CPU.ActiveCfg = Release|Any CPU
		{D806EF12-1B57-4A19-862E-8E72C8311B05}.Release|Any CPU.Build.0 = Release|Any CPU
		{D806EF12-1B57-4A19-862E-8E72C8311B05}.Release|x64.ActiveCfg = Release|Any CPU
		{D806EF12-1B57-4A19-862E-8E72C8311B05}.Release|x64.Build.0 = Release|Any CPU
		{D806EF12-1B57-4A19-862E-8E72C8311B05}.Release|x86.ActiveCfg = Release|Any CPU
		{D806EF12-1B57-4A19-862E-8E72C8311B05}.Release|x86.Build.0 = Release|Any CPU
		{C24444F8-6538-43D2-8D9E-066A55EECB4F}.Debug|Any CPU.ActiveCfg = Debug|Any CPU
		{C24444F8-6538-43D2-8D9E-066A55EECB4F}.Debug|Any CPU.Build.0 = Debug|Any CPU
		{C24444F8-6538-43D2-8D9E-066A55EECB4F}.Debug|x64.ActiveCfg = Debug|Any CPU
		{C24444F8-6538-43D2-8D9E-066A55EECB4F}.Debug|x64.Build.0 = Debug|Any CPU
		{C24444F8-6538-43D2-8D9E-066A55EECB4F}.Debug|x86.ActiveCfg = Debug|Any CPU
		{C24444F8-6538-43D2-8D9E-066A55EECB4F}.Debug|x86.Build.0 = Debug|Any CPU
		{C24444F8-6538-43D2-8D9E-066A55EECB4F}.Release|Any CPU.ActiveCfg = Release|Any CPU
		{C24444F8-6538-43D2-8D9E-066A55EECB4F}.Release|Any CPU.Build.0 = Release|Any CPU
		{C24444F8-6538-43D2-8D9E-066A55EECB4F}.Release|x64.ActiveCfg = Release|Any CPU
		{C24444F8-6538-43D2-8D9E-066A55EECB4F}.Release|x64.Build.0 = Release|Any CPU
		{C24444F8-6538-43D2-8D9E-066A55EECB4F}.Release|x86.ActiveCfg = Release|Any CPU
		{C24444F8-6538-43D2-8D9E-066A55EECB4F}.Release|x86.Build.0 = Release|Any CPU
		{844C269D-8A80-41EB-9CE1-D0CBE6B690FF}.Debug|Any CPU.ActiveCfg = Debug|Any CPU
		{844C269D-8A80-41EB-9CE1-D0CBE6B690FF}.Debug|Any CPU.Build.0 = Debug|Any CPU
		{844C269D-8A80-41EB-9CE1-D0CBE6B690FF}.Debug|x64.ActiveCfg = Debug|Any CPU
		{844C269D-8A80-41EB-9CE1-D0CBE6B690FF}.Debug|x64.Build.0 = Debug|Any CPU
		{844C269D-8A80-41EB-9CE1-D0CBE6B690FF}.Debug|x86.ActiveCfg = Debug|Any CPU
		{844C269D-8A80-41EB-9CE1-D0CBE6B690FF}.Debug|x86.Build.0 = Debug|Any CPU
		{844C269D-8A80-41EB-9CE1-D0CBE6B690FF}.Release|Any CPU.ActiveCfg = Release|Any CPU
		{844C269D-8A80-41EB-9CE1-D0CBE6B690FF}.Release|Any CPU.Build.0 = Release|Any CPU
		{844C269D-8A80-41EB-9CE1-D0CBE6B690FF}.Release|x64.ActiveCfg = Release|Any CPU
		{844C269D-8A80-41EB-9CE1-D0CBE6B690FF}.Release|x64.Build.0 = Release|Any CPU
		{844C269D-8A80-41EB-9CE1-D0CBE6B690FF}.Release|x86.ActiveCfg = Release|Any CPU
		{844C269D-8A80-41EB-9CE1-D0CBE6B690FF}.Release|x86.Build.0 = Release|Any CPU
		{89FAA935-293B-438B-8454-1E932F164954}.Debug|Any CPU.ActiveCfg = Debug|Any CPU
		{89FAA935-293B-438B-8454-1E932F164954}.Debug|Any CPU.Build.0 = Debug|Any CPU
		{89FAA935-293B-438B-8454-1E932F164954}.Debug|x64.ActiveCfg = Debug|Any CPU
		{89FAA935-293B-438B-8454-1E932F164954}.Debug|x64.Build.0 = Debug|Any CPU
		{89FAA935-293B-438B-8454-1E932F164954}.Debug|x86.ActiveCfg = Debug|Any CPU
		{89FAA935-293B-438B-8454-1E932F164954}.Debug|x86.Build.0 = Debug|Any CPU
		{89FAA935-293B-438B-8454-1E932F164954}.Release|Any CPU.ActiveCfg = Release|Any CPU
		{89FAA935-293B-438B-8454-1E932F164954}.Release|Any CPU.Build.0 = Release|Any CPU
		{89FAA935-293B-438B-8454-1E932F164954}.Release|x64.ActiveCfg = Release|Any CPU
		{89FAA935-293B-438B-8454-1E932F164954}.Release|x64.Build.0 = Release|Any CPU
		{89FAA935-293B-438B-8454-1E932F164954}.Release|x86.ActiveCfg = Release|Any CPU
		{89FAA935-293B-438B-8454-1E932F164954}.Release|x86.Build.0 = Release|Any CPU
		{FE9AF20E-2DDC-486B-BC82-56478821424A}.Debug|Any CPU.ActiveCfg = Debug|Any CPU
		{FE9AF20E-2DDC-486B-BC82-56478821424A}.Debug|Any CPU.Build.0 = Debug|Any CPU
		{FE9AF20E-2DDC-486B-BC82-56478821424A}.Debug|x64.ActiveCfg = Debug|Any CPU
		{FE9AF20E-2DDC-486B-BC82-56478821424A}.Debug|x64.Build.0 = Debug|Any CPU
		{FE9AF20E-2DDC-486B-BC82-56478821424A}.Debug|x86.ActiveCfg = Debug|Any CPU
		{FE9AF20E-2DDC-486B-BC82-56478821424A}.Debug|x86.Build.0 = Debug|Any CPU
		{FE9AF20E-2DDC-486B-BC82-56478821424A}.Release|Any CPU.ActiveCfg = Release|Any CPU
		{FE9AF20E-2DDC-486B-BC82-56478821424A}.Release|Any CPU.Build.0 = Release|Any CPU
		{FE9AF20E-2DDC-486B-BC82-56478821424A}.Release|x64.ActiveCfg = Release|Any CPU
		{FE9AF20E-2DDC-486B-BC82-56478821424A}.Release|x64.Build.0 = Release|Any CPU
		{FE9AF20E-2DDC-486B-BC82-56478821424A}.Release|x86.ActiveCfg = Release|Any CPU
		{FE9AF20E-2DDC-486B-BC82-56478821424A}.Release|x86.Build.0 = Release|Any CPU
		{9EB84808-0781-4A2A-8C7B-A3EE864AA326}.Debug|Any CPU.ActiveCfg = Debug|Any CPU
		{9EB84808-0781-4A2A-8C7B-A3EE864AA326}.Debug|Any CPU.Build.0 = Debug|Any CPU
		{9EB84808-0781-4A2A-8C7B-A3EE864AA326}.Debug|x64.ActiveCfg = Debug|Any CPU
		{9EB84808-0781-4A2A-8C7B-A3EE864AA326}.Debug|x64.Build.0 = Debug|Any CPU
		{9EB84808-0781-4A2A-8C7B-A3EE864AA326}.Debug|x86.ActiveCfg = Debug|Any CPU
		{9EB84808-0781-4A2A-8C7B-A3EE864AA326}.Debug|x86.Build.0 = Debug|Any CPU
		{9EB84808-0781-4A2A-8C7B-A3EE864AA326}.Release|Any CPU.ActiveCfg = Release|Any CPU
		{9EB84808-0781-4A2A-8C7B-A3EE864AA326}.Release|Any CPU.Build.0 = Release|Any CPU
		{9EB84808-0781-4A2A-8C7B-A3EE864AA326}.Release|x64.ActiveCfg = Release|Any CPU
		{9EB84808-0781-4A2A-8C7B-A3EE864AA326}.Release|x64.Build.0 = Release|Any CPU
		{9EB84808-0781-4A2A-8C7B-A3EE864AA326}.Release|x86.ActiveCfg = Release|Any CPU
		{9EB84808-0781-4A2A-8C7B-A3EE864AA326}.Release|x86.Build.0 = Release|Any CPU
		{1C1A9681-F5FB-496F-B165-3880453CF92B}.Debug|Any CPU.ActiveCfg = Debug|Any CPU
		{1C1A9681-F5FB-496F-B165-3880453CF92B}.Debug|Any CPU.Build.0 = Debug|Any CPU
		{1C1A9681-F5FB-496F-B165-3880453CF92B}.Debug|x64.ActiveCfg = Debug|Any CPU
		{1C1A9681-F5FB-496F-B165-3880453CF92B}.Debug|x64.Build.0 = Debug|Any CPU
		{1C1A9681-F5FB-496F-B165-3880453CF92B}.Debug|x86.ActiveCfg = Debug|Any CPU
		{1C1A9681-F5FB-496F-B165-3880453CF92B}.Debug|x86.Build.0 = Debug|Any CPU
		{1C1A9681-F5FB-496F-B165-3880453CF92B}.Release|Any CPU.ActiveCfg = Release|Any CPU
		{1C1A9681-F5FB-496F-B165-3880453CF92B}.Release|Any CPU.Build.0 = Release|Any CPU
		{1C1A9681-F5FB-496F-B165-3880453CF92B}.Release|x64.ActiveCfg = Release|Any CPU
		{1C1A9681-F5FB-496F-B165-3880453CF92B}.Release|x64.Build.0 = Release|Any CPU
		{1C1A9681-F5FB-496F-B165-3880453CF92B}.Release|x86.ActiveCfg = Release|Any CPU
		{1C1A9681-F5FB-496F-B165-3880453CF92B}.Release|x86.Build.0 = Release|Any CPU
		{2C291756-B0A5-407B-BE6B-8581951889AD}.Debug|Any CPU.ActiveCfg = Debug|Any CPU
		{2C291756-B0A5-407B-BE6B-8581951889AD}.Debug|Any CPU.Build.0 = Debug|Any CPU
		{2C291756-B0A5-407B-BE6B-8581951889AD}.Debug|x64.ActiveCfg = Debug|Any CPU
		{2C291756-B0A5-407B-BE6B-8581951889AD}.Debug|x64.Build.0 = Debug|Any CPU
		{2C291756-B0A5-407B-BE6B-8581951889AD}.Debug|x86.ActiveCfg = Debug|Any CPU
		{2C291756-B0A5-407B-BE6B-8581951889AD}.Debug|x86.Build.0 = Debug|Any CPU
		{2C291756-B0A5-407B-BE6B-8581951889AD}.Release|Any CPU.ActiveCfg = Release|Any CPU
		{2C291756-B0A5-407B-BE6B-8581951889AD}.Release|Any CPU.Build.0 = Release|Any CPU
		{2C291756-B0A5-407B-BE6B-8581951889AD}.Release|x64.ActiveCfg = Release|Any CPU
		{2C291756-B0A5-407B-BE6B-8581951889AD}.Release|x64.Build.0 = Release|Any CPU
		{2C291756-B0A5-407B-BE6B-8581951889AD}.Release|x86.ActiveCfg = Release|Any CPU
		{2C291756-B0A5-407B-BE6B-8581951889AD}.Release|x86.Build.0 = Release|Any CPU
		{ECA2D468-0382-4854-A3D9-C7513F515F54}.Debug|Any CPU.ActiveCfg = Debug|Any CPU
		{ECA2D468-0382-4854-A3D9-C7513F515F54}.Debug|Any CPU.Build.0 = Debug|Any CPU
		{ECA2D468-0382-4854-A3D9-C7513F515F54}.Debug|x64.ActiveCfg = Debug|Any CPU
		{ECA2D468-0382-4854-A3D9-C7513F515F54}.Debug|x64.Build.0 = Debug|Any CPU
		{ECA2D468-0382-4854-A3D9-C7513F515F54}.Debug|x86.ActiveCfg = Debug|Any CPU
		{ECA2D468-0382-4854-A3D9-C7513F515F54}.Debug|x86.Build.0 = Debug|Any CPU
		{ECA2D468-0382-4854-A3D9-C7513F515F54}.Release|Any CPU.ActiveCfg = Release|Any CPU
		{ECA2D468-0382-4854-A3D9-C7513F515F54}.Release|Any CPU.Build.0 = Release|Any CPU
		{ECA2D468-0382-4854-A3D9-C7513F515F54}.Release|x64.ActiveCfg = Release|Any CPU
		{ECA2D468-0382-4854-A3D9-C7513F515F54}.Release|x64.Build.0 = Release|Any CPU
		{ECA2D468-0382-4854-A3D9-C7513F515F54}.Release|x86.ActiveCfg = Release|Any CPU
		{ECA2D468-0382-4854-A3D9-C7513F515F54}.Release|x86.Build.0 = Release|Any CPU
		{E0D4684E-8DDA-45CA-93C1-E54A6276B880}.Debug|Any CPU.ActiveCfg = Debug|Any CPU
		{E0D4684E-8DDA-45CA-93C1-E54A6276B880}.Debug|Any CPU.Build.0 = Debug|Any CPU
		{E0D4684E-8DDA-45CA-93C1-E54A6276B880}.Debug|x64.ActiveCfg = Debug|Any CPU
		{E0D4684E-8DDA-45CA-93C1-E54A6276B880}.Debug|x64.Build.0 = Debug|Any CPU
		{E0D4684E-8DDA-45CA-93C1-E54A6276B880}.Debug|x86.ActiveCfg = Debug|Any CPU
		{E0D4684E-8DDA-45CA-93C1-E54A6276B880}.Debug|x86.Build.0 = Debug|Any CPU
		{E0D4684E-8DDA-45CA-93C1-E54A6276B880}.Release|Any CPU.ActiveCfg = Release|Any CPU
		{E0D4684E-8DDA-45CA-93C1-E54A6276B880}.Release|Any CPU.Build.0 = Release|Any CPU
		{E0D4684E-8DDA-45CA-93C1-E54A6276B880}.Release|x64.ActiveCfg = Release|Any CPU
		{E0D4684E-8DDA-45CA-93C1-E54A6276B880}.Release|x64.Build.0 = Release|Any CPU
		{E0D4684E-8DDA-45CA-93C1-E54A6276B880}.Release|x86.ActiveCfg = Release|Any CPU
		{E0D4684E-8DDA-45CA-93C1-E54A6276B880}.Release|x86.Build.0 = Release|Any CPU
		{711B54B5-8CA9-4938-A274-7513E6E40FD5}.Debug|Any CPU.ActiveCfg = Debug|Any CPU
		{711B54B5-8CA9-4938-A274-7513E6E40FD5}.Debug|Any CPU.Build.0 = Debug|Any CPU
		{711B54B5-8CA9-4938-A274-7513E6E40FD5}.Debug|x64.ActiveCfg = Debug|Any CPU
		{711B54B5-8CA9-4938-A274-7513E6E40FD5}.Debug|x64.Build.0 = Debug|Any CPU
		{711B54B5-8CA9-4938-A274-7513E6E40FD5}.Debug|x86.ActiveCfg = Debug|Any CPU
		{711B54B5-8CA9-4938-A274-7513E6E40FD5}.Debug|x86.Build.0 = Debug|Any CPU
		{711B54B5-8CA9-4938-A274-7513E6E40FD5}.Release|Any CPU.ActiveCfg = Release|Any CPU
		{711B54B5-8CA9-4938-A274-7513E6E40FD5}.Release|Any CPU.Build.0 = Release|Any CPU
		{711B54B5-8CA9-4938-A274-7513E6E40FD5}.Release|x64.ActiveCfg = Release|Any CPU
		{711B54B5-8CA9-4938-A274-7513E6E40FD5}.Release|x64.Build.0 = Release|Any CPU
		{711B54B5-8CA9-4938-A274-7513E6E40FD5}.Release|x86.ActiveCfg = Release|Any CPU
		{711B54B5-8CA9-4938-A274-7513E6E40FD5}.Release|x86.Build.0 = Release|Any CPU
		{F0BA587B-142F-41E2-B27C-6F49EB67B6A0}.Debug|Any CPU.ActiveCfg = Debug|Any CPU
		{F0BA587B-142F-41E2-B27C-6F49EB67B6A0}.Debug|Any CPU.Build.0 = Debug|Any CPU
		{F0BA587B-142F-41E2-B27C-6F49EB67B6A0}.Debug|x64.ActiveCfg = Debug|Any CPU
		{F0BA587B-142F-41E2-B27C-6F49EB67B6A0}.Debug|x64.Build.0 = Debug|Any CPU
		{F0BA587B-142F-41E2-B27C-6F49EB67B6A0}.Debug|x86.ActiveCfg = Debug|Any CPU
		{F0BA587B-142F-41E2-B27C-6F49EB67B6A0}.Debug|x86.Build.0 = Debug|Any CPU
		{F0BA587B-142F-41E2-B27C-6F49EB67B6A0}.Release|Any CPU.ActiveCfg = Release|Any CPU
		{F0BA587B-142F-41E2-B27C-6F49EB67B6A0}.Release|Any CPU.Build.0 = Release|Any CPU
		{F0BA587B-142F-41E2-B27C-6F49EB67B6A0}.Release|x64.ActiveCfg = Release|Any CPU
		{F0BA587B-142F-41E2-B27C-6F49EB67B6A0}.Release|x64.Build.0 = Release|Any CPU
		{F0BA587B-142F-41E2-B27C-6F49EB67B6A0}.Release|x86.ActiveCfg = Release|Any CPU
		{F0BA587B-142F-41E2-B27C-6F49EB67B6A0}.Release|x86.Build.0 = Release|Any CPU
		{FCD9F774-BF63-4443-9FDC-62E7C9A1DEA6}.Debug|Any CPU.ActiveCfg = Debug|Any CPU
		{FCD9F774-BF63-4443-9FDC-62E7C9A1DEA6}.Debug|Any CPU.Build.0 = Debug|Any CPU
		{FCD9F774-BF63-4443-9FDC-62E7C9A1DEA6}.Debug|x64.ActiveCfg = Debug|Any CPU
		{FCD9F774-BF63-4443-9FDC-62E7C9A1DEA6}.Debug|x64.Build.0 = Debug|Any CPU
		{FCD9F774-BF63-4443-9FDC-62E7C9A1DEA6}.Debug|x86.ActiveCfg = Debug|Any CPU
		{FCD9F774-BF63-4443-9FDC-62E7C9A1DEA6}.Debug|x86.Build.0 = Debug|Any CPU
		{FCD9F774-BF63-4443-9FDC-62E7C9A1DEA6}.Release|Any CPU.ActiveCfg = Release|Any CPU
		{FCD9F774-BF63-4443-9FDC-62E7C9A1DEA6}.Release|Any CPU.Build.0 = Release|Any CPU
		{FCD9F774-BF63-4443-9FDC-62E7C9A1DEA6}.Release|x64.ActiveCfg = Release|Any CPU
		{FCD9F774-BF63-4443-9FDC-62E7C9A1DEA6}.Release|x64.Build.0 = Release|Any CPU
		{FCD9F774-BF63-4443-9FDC-62E7C9A1DEA6}.Release|x86.ActiveCfg = Release|Any CPU
		{FCD9F774-BF63-4443-9FDC-62E7C9A1DEA6}.Release|x86.Build.0 = Release|Any CPU
		{7480249B-5224-42C5-814C-77BE0855081E}.Debug|Any CPU.ActiveCfg = Debug|Any CPU
		{7480249B-5224-42C5-814C-77BE0855081E}.Debug|Any CPU.Build.0 = Debug|Any CPU
		{7480249B-5224-42C5-814C-77BE0855081E}.Debug|x64.ActiveCfg = Debug|Any CPU
		{7480249B-5224-42C5-814C-77BE0855081E}.Debug|x64.Build.0 = Debug|Any CPU
		{7480249B-5224-42C5-814C-77BE0855081E}.Debug|x86.ActiveCfg = Debug|Any CPU
		{7480249B-5224-42C5-814C-77BE0855081E}.Debug|x86.Build.0 = Debug|Any CPU
		{7480249B-5224-42C5-814C-77BE0855081E}.Release|Any CPU.ActiveCfg = Release|Any CPU
		{7480249B-5224-42C5-814C-77BE0855081E}.Release|Any CPU.Build.0 = Release|Any CPU
		{7480249B-5224-42C5-814C-77BE0855081E}.Release|x64.ActiveCfg = Release|Any CPU
		{7480249B-5224-42C5-814C-77BE0855081E}.Release|x64.Build.0 = Release|Any CPU
		{7480249B-5224-42C5-814C-77BE0855081E}.Release|x86.ActiveCfg = Release|Any CPU
		{7480249B-5224-42C5-814C-77BE0855081E}.Release|x86.Build.0 = Release|Any CPU
		{54A1B3C6-2044-4397-A58C-887DD7311B16}.Debug|Any CPU.ActiveCfg = Debug|Any CPU
		{54A1B3C6-2044-4397-A58C-887DD7311B16}.Debug|Any CPU.Build.0 = Debug|Any CPU
		{54A1B3C6-2044-4397-A58C-887DD7311B16}.Debug|x64.ActiveCfg = Debug|Any CPU
		{54A1B3C6-2044-4397-A58C-887DD7311B16}.Debug|x64.Build.0 = Debug|Any CPU
		{54A1B3C6-2044-4397-A58C-887DD7311B16}.Debug|x86.ActiveCfg = Debug|Any CPU
		{54A1B3C6-2044-4397-A58C-887DD7311B16}.Debug|x86.Build.0 = Debug|Any CPU
		{54A1B3C6-2044-4397-A58C-887DD7311B16}.Release|Any CPU.ActiveCfg = Release|Any CPU
		{54A1B3C6-2044-4397-A58C-887DD7311B16}.Release|Any CPU.Build.0 = Release|Any CPU
		{54A1B3C6-2044-4397-A58C-887DD7311B16}.Release|x64.ActiveCfg = Release|Any CPU
		{54A1B3C6-2044-4397-A58C-887DD7311B16}.Release|x64.Build.0 = Release|Any CPU
		{54A1B3C6-2044-4397-A58C-887DD7311B16}.Release|x86.ActiveCfg = Release|Any CPU
		{54A1B3C6-2044-4397-A58C-887DD7311B16}.Release|x86.Build.0 = Release|Any CPU
		{AC33F96E-4FFB-41BF-A500-386D30309915}.Debug|Any CPU.ActiveCfg = Debug|Any CPU
		{AC33F96E-4FFB-41BF-A500-386D30309915}.Debug|Any CPU.Build.0 = Debug|Any CPU
		{AC33F96E-4FFB-41BF-A500-386D30309915}.Debug|x64.ActiveCfg = Debug|Any CPU
		{AC33F96E-4FFB-41BF-A500-386D30309915}.Debug|x64.Build.0 = Debug|Any CPU
		{AC33F96E-4FFB-41BF-A500-386D30309915}.Debug|x86.ActiveCfg = Debug|Any CPU
		{AC33F96E-4FFB-41BF-A500-386D30309915}.Debug|x86.Build.0 = Debug|Any CPU
		{AC33F96E-4FFB-41BF-A500-386D30309915}.Release|Any CPU.ActiveCfg = Release|Any CPU
		{AC33F96E-4FFB-41BF-A500-386D30309915}.Release|Any CPU.Build.0 = Release|Any CPU
		{AC33F96E-4FFB-41BF-A500-386D30309915}.Release|x64.ActiveCfg = Release|Any CPU
		{AC33F96E-4FFB-41BF-A500-386D30309915}.Release|x64.Build.0 = Release|Any CPU
		{AC33F96E-4FFB-41BF-A500-386D30309915}.Release|x86.ActiveCfg = Release|Any CPU
		{AC33F96E-4FFB-41BF-A500-386D30309915}.Release|x86.Build.0 = Release|Any CPU
		{CD46939E-25C8-43B7-BA1F-7B77AE75E9D0}.Debug|Any CPU.ActiveCfg = Debug|Any CPU
		{CD46939E-25C8-43B7-BA1F-7B77AE75E9D0}.Debug|Any CPU.Build.0 = Debug|Any CPU
		{CD46939E-25C8-43B7-BA1F-7B77AE75E9D0}.Debug|x64.ActiveCfg = Debug|Any CPU
		{CD46939E-25C8-43B7-BA1F-7B77AE75E9D0}.Debug|x64.Build.0 = Debug|Any CPU
		{CD46939E-25C8-43B7-BA1F-7B77AE75E9D0}.Debug|x86.ActiveCfg = Debug|Any CPU
		{CD46939E-25C8-43B7-BA1F-7B77AE75E9D0}.Debug|x86.Build.0 = Debug|Any CPU
		{CD46939E-25C8-43B7-BA1F-7B77AE75E9D0}.Release|Any CPU.ActiveCfg = Release|Any CPU
		{CD46939E-25C8-43B7-BA1F-7B77AE75E9D0}.Release|Any CPU.Build.0 = Release|Any CPU
		{CD46939E-25C8-43B7-BA1F-7B77AE75E9D0}.Release|x64.ActiveCfg = Release|Any CPU
		{CD46939E-25C8-43B7-BA1F-7B77AE75E9D0}.Release|x64.Build.0 = Release|Any CPU
		{CD46939E-25C8-43B7-BA1F-7B77AE75E9D0}.Release|x86.ActiveCfg = Release|Any CPU
		{CD46939E-25C8-43B7-BA1F-7B77AE75E9D0}.Release|x86.Build.0 = Release|Any CPU
	EndGlobalSection
EndGlobal
